
Microsoft Visual Studio Solution File, Format Version 12.00
# Visual Studio Version 16
VisualStudioVersion = 16.0.29123.88
MinimumVisualStudioVersion = 10.0.40219.1
Project("{9A19103F-16F7-4668-BE54-9A1E7A4F7556}") = "DemoWebsite", "DemoWebsite\DemoWebsite.csproj", "{4350F1DA-27A4-4C0B-B06E-44072CFBA14B}"
EndProject
Project("{9A19103F-16F7-4668-BE54-9A1E7A4F7556}") = "Tests", "Tests\Tests.csproj", "{B5FB4259-580F-4CCF-90E9-4118EFDE06ED}"
EndProject
Project("{9A19103F-16F7-4668-BE54-9A1E7A4F7556}") = "Wirecard", "Wirecard\Wirecard.csproj", "{54B76201-30A5-40C2-8F25-219C7E223A14}"
EndProject
Global
	GlobalSection(SolutionConfigurationPlatforms) = preSolution
		Debug|Any CPU = Debug|Any CPU
		Release|Any CPU = Release|Any CPU
	EndGlobalSection
	GlobalSection(ProjectConfigurationPlatforms) = postSolution
		{4350F1DA-27A4-4C0B-B06E-44072CFBA14B}.Debug|Any CPU.ActiveCfg = Debug|Any CPU
		{4350F1DA-27A4-4C0B-B06E-44072CFBA14B}.Debug|Any CPU.Build.0 = Debug|Any CPU
		{4350F1DA-27A4-4C0B-B06E-44072CFBA14B}.Release|Any CPU.ActiveCfg = Release|Any CPU
		{4350F1DA-27A4-4C0B-B06E-44072CFBA14B}.Release|Any CPU.Build.0 = Release|Any CPU
		{B5FB4259-580F-4CCF-90E9-4118EFDE06ED}.Debug|Any CPU.ActiveCfg = Debug|Any CPU
		{B5FB4259-580F-4CCF-90E9-4118EFDE06ED}.Debug|Any CPU.Build.0 = Debug|Any CPU
		{B5FB4259-580F-4CCF-90E9-4118EFDE06ED}.Release|Any CPU.ActiveCfg = Release|Any CPU
		{B5FB4259-580F-4CCF-90E9-4118EFDE06ED}.Release|Any CPU.Build.0 = Release|Any CPU
		{54B76201-30A5-40C2-8F25-219C7E223A14}.Debug|Any CPU.ActiveCfg = Debug|Any CPU
		{54B76201-30A5-40C2-8F25-219C7E223A14}.Debug|Any CPU.Build.0 = Debug|Any CPU
		{54B76201-30A5-40C2-8F25-219C7E223A14}.Release|Any CPU.ActiveCfg = Release|Any CPU
		{54B76201-30A5-40C2-8F25-219C7E223A14}.Release|Any CPU.Build.0 = Release|Any CPU
	EndGlobalSection
	GlobalSection(SolutionProperties) = preSolution
		HideSolutionNode = FALSE
	EndGlobalSection
	GlobalSection(ExtensibilityGlobals) = postSolution
		SolutionGuid = {BCB76030-F648-4811-B946-E0A6734AE7D2}
	EndGlobalSection
EndGlobal
